
Microsoft Visual Studio Solution File, Format Version 12.00
# Visual Studio Version 16
VisualStudioVersion = 16.0.30330.147
MinimumVisualStudioVersion = 10.0.40219.1
Project("{FAE04EC0-301F-11D3-BF4B-00C04F79EFBC}") = "RDLXmlChanger", "RDLXmlChanger.csproj", "{45B84106-B9F4-436C-A6E6-DFBED17434FF}"
EndProject
Global
	GlobalSection(SolutionConfigurationPlatforms) = preSolution
		Debug|Any CPU = Debug|Any CPU
		Release|Any CPU = Release|Any CPU
	EndGlobalSection
	GlobalSection(ProjectConfigurationPlatforms) = postSolution
		{45B84106-B9F4-436C-A6E6-DFBED17434FF}.Debug|Any CPU.ActiveCfg = Debug|Any CPU
		{45B84106-B9F4-436C-A6E6-DFBED17434FF}.Debug|Any CPU.Build.0 = Debug|Any CPU
		{45B84106-B9F4-436C-A6E6-DFBED17434FF}.Release|Any CPU.ActiveCfg = Release|Any CPU
		{45B84106-B9F4-436C-A6E6-DFBED17434FF}.Release|Any CPU.Build.0 = Release|Any CPU
	EndGlobalSection
	GlobalSection(SolutionProperties) = preSolution
		HideSolutionNode = FALSE
	EndGlobalSection
	GlobalSection(ExtensibilityGlobals) = postSolution
		SolutionGuid = {4833A468-F4BC-4472-8209-CC6C2C8A5AE7}
	EndGlobalSection
EndGlobal
